github.com/xgfone/go-atexit v0.10.0 h1:lFvHqY+4eoKG7qU2goyNF4gLusJfLRHv8muZcrnL/9c=
github.com/xgfone/go-atexit v0.10.0/go.mod h1:yN4Hf2wE06X4kJLL2qxBNKuJHTRdDRoifivfFoKdC8o=
github.com/xgfone/go-atomicvalue v0.2.0 h1:C/28ARO2Nsx1UymHfpxQRxwNwseSDlsgQgsM1VahV6U=
github.com/xgfone/go-atomicvalue v0.2.0/go.mod h1:fAKLVfK1snK0JKAFRsKhIhd220Cg9SSEuvOay6MXs88=
github.com/xgfone/go-binder v0.5.0 h1:oQPgssGoOuX21Kr3fEA9kE7ThQhwAmz1oCBSh1T424k=
github.com/xgfone/go-binder v0.5.0/go.mod h1:yzE8jdlbdm7SJA6nN3bYyyTxzC1ldQe8swMxs2NCZIU=
github.com/xgfone/go-cast v0.8.1 h1:x80Qu+XCUyQoFvCo2j+CFRiKiJydF11jeAJRzRtGY9U=
github.com/xgfone/go-cast v0.8.1/go.mod h1:aHO9rXhmN4IZ4d1UG35+6WEVbg5yyISynFQJCVltrsk=
github.com/xgfone/go-defaults v0.12.0 h1:QqBebmD06gLyG5OFXVNRiApYIlows5wM2q5lQoWnkZA=
github.com/xgfone/go-defaults v0.12.0/go.mod h1:4qxXP2vvK8n2csVwYmFbhbQAISq5s/2zYZE9CKYj/bw=
github.com/xgfone/go-loadbalancer v0.8.0 h1:udqnbVqhLlyCF4YWrvDSCeU3T52yHW7TO64yfL8RFTM=
github.com/xgfone/go-loadbalancer v0.8.0/go.mod h1:keH6ehohtkUlMDF+TMxSCGeSyC4youvN925uCes9EuI=
github.com/xgfone/go-structs v0.2.0 h1:Weq/TfH+9azlzUdtz9xwWFqxczD7R404G3k94G04Anw=
github.com/xgfone/go-structs v0.2.0/go.mod h1:/zjyb3pm/NtFUnwUetDWuBfhYUuxzUyBSV2Xy1tvwnY=
github.com/xgfone/go-tlsx v0.1.0 h1:iu5YkIirMvsQc6RMPswlabUsZSvGSEo265sEzxbYEB8=
github.com/xgfone/go-tlsx v0.1.0/go.mod h1:qnvBKGWdGRmVvjSJrx9q4hfLrEJdMt+EC+SuYuNUD6s=
