github.com/xgfone/go-atexit v0.10.0 h1:lFvHqY+4eoKG7qU2goyNF4gLusJfLRHv8muZcrnL/9c=
github.com/xgfone/go-atexit v0.10.0/go.mod h1:yN4Hf2wE06X4kJLL2qxBNKuJHTRdDRoifivfFoKdC8o=
github.com/xgfone/go-atomicvalue v0.2.0 h1:C/28ARO2Nsx1UymHfpxQRxwNwseSDlsgQgsM1VahV6U=
github.com/xgfone/go-atomicvalue v0.2.0/go.mod h1:fAKLVfK1snK0JKAFRsKhIhd220Cg9SSEuvOay6MXs88=
github.com/xgfone/go-binder v0.5.0 h1:oQPgssGoOuX21Kr3fEA9kE7ThQhwAmz1oCBSh1T424k=
github.com/xgfone/go-binder v0.5.0/go.mod h1:yzE8jdlbdm7SJA6nN3bYyyTxzC1ldQe8swMxs2NCZIU=
github.com/xgfone/go-cast v0.8.1 h1:x80Qu+XCUyQoFvCo2j+CFRiKiJydF11jeAJRzRtGY9U=
github.com/xgfone/go-cast v0.8.1/go.mod h1:aHO9rXhmN4IZ4d1UG35+6WEVbg5yyISynFQJCVltrsk=
github.com/xgfone/go-checker v0.3.0 h1:6CVy5QsIfCO9NqRpb/f+GwrY7+evBmVeaiSA1qtRBMk=
github.com/xgfone/go-checker v0.3.0/go.mod h1:HNkJUfk+bHfGLsI5PnnX3dYrS6aD+eMkcQDLjP2iWrU=
github.com/xgfone/go-defaults v0.12.0 h1:QqBebmD06gLyG5OFXVNRiApYIlows5wM2q5lQoWnkZA=
github.com/xgfone/go-defaults v0.12.0/go.mod h1:4qxXP2vvK8n2csVwYmFbhbQAISq5s/2zYZE9CKYj/bw=
github.com/xgfone/go-loadbalancer v0.0.0-20230903055907-6ed28118b546 h1:THYmIyS9c2uOGWCeRO2T0yl1OyhpoXJ1FXvYcuQdh8E=
github.com/xgfone/go-loadbalancer v0.0.0-20230903055907-6ed28118b546/go.mod h1:twl5XhoD8lkyuEePkreOkCu+7ltvIxmQ7XCYUcnvW0s=
github.com/xgfone/go-structs v0.2.0 h1:Weq/TfH+9azlzUdtz9xwWFqxczD7R404G3k94G04Anw=
github.com/xgfone/go-structs v0.2.0/go.mod h1:/zjyb3pm/NtFUnwUetDWuBfhYUuxzUyBSV2Xy1tvwnY=
